
Microsoft Visual Studio Solution File, Format Version 12.00
# Visual Studio Version 16
VisualStudioVersion = 16.0.31605.320
MinimumVisualStudioVersion = 10.0.40219.1
Project("{F184B08F-C81C-45F6-A57F-5ABD9991F28F}") = "WinFormsApp4", "WinFormsApp4\WinFormsApp4.vbproj", "{DA6CD988-BC85-4700-9C0D-A3C9966A99C9}"
EndProject
Global
	GlobalSection(SolutionConfigurationPlatforms) = preSolution
		Debug|Any CPU = Debug|Any CPU
		Release|Any CPU = Release|Any CPU
	EndGlobalSection
	GlobalSection(ProjectConfigurationPlatforms) = postSolution
		{DA6CD988-BC85-4700-9C0D-A3C9966A99C9}.Debug|Any CPU.ActiveCfg = Debug|Any CPU
		{DA6CD988-BC85-4700-9C0D-A3C9966A99C9}.Debug|Any CPU.Build.0 = Debug|Any CPU
		{DA6CD988-BC85-4700-9C0D-A3C9966A99C9}.Release|Any CPU.ActiveCfg = Release|Any CPU
		{DA6CD988-BC85-4700-9C0D-A3C9966A99C9}.Release|Any CPU.Build.0 = Release|Any CPU
	EndGlobalSection
	GlobalSection(SolutionProperties) = preSolution
		HideSolutionNode = FALSE
	EndGlobalSection
	GlobalSection(ExtensibilityGlobals) = postSolution
		SolutionGuid = {8521BD42-6F24-47DC-9329-E66E7AE260ED}
	EndGlobalSection
EndGlobal
